
Microsoft Visual Studio Solution File, Format Version 12.00
# Visual Studio Version 17
VisualStudioVersion = 17.4.33122.133
MinimumVisualStudioVersion = 10.0.40219.1
Project("{FAE04EC0-301F-11D3-BF4B-00C04F79EFBC}") = "Factory", "ConsoleApp4\Factory.csproj", "{0B9AA356-6704-48DC-A7D2-5CE5329E42A4}"
EndProject
Project("{FAE04EC0-301F-11D3-BF4B-00C04F79EFBC}") = "Prototype", "Prototype\Prototype.csproj", "{40493823-8A92-4D7A-BB43-66F607B51682}"
EndProject
Project("{FAE04EC0-301F-11D3-BF4B-00C04F79EFBC}") = "Singleton", "Singleton\Singleton.csproj", "{7BB8F4FC-0F89-481E-8CBD-61417ADBE732}"
EndProject
Project("{FAE04EC0-301F-11D3-BF4B-00C04F79EFBC}") = "Adapter", "Adapter\Adapter.csproj", "{F0950CC3-A1E2-4519-AD57-2CEC29B71EAE}"
EndProject
Project("{FAE04EC0-301F-11D3-BF4B-00C04F79EFBC}") = "Bridge", "Bridge\Bridge.csproj", "{D25D57B3-3019-4981-97C3-0386EC120CF5}"
EndProject
Project("{FAE04EC0-301F-11D3-BF4B-00C04F79EFBC}") = "Composite", "Composite\Composite.csproj", "{DEFA2E5C-88E9-4A4E-97B6-959434F79CD3}"
EndProject
Project("{FAE04EC0-301F-11D3-BF4B-00C04F79EFBC}") = "Decorator", "Decorator\Decorator.csproj", "{DB8E5BE5-22A1-4600-B596-CF6F439CE5EB}"
EndProject
Project("{FAE04EC0-301F-11D3-BF4B-00C04F79EFBC}") = "Facade", "Facade\Facade.csproj", "{FEA90FE9-C586-433F-AA30-BA2FFDDC1420}"
EndProject
Project("{FAE04EC0-301F-11D3-BF4B-00C04F79EFBC}") = "Flyweight", "Flyweight\Flyweight.csproj", "{EE63C356-1308-442F-BEEC-155FF2F7E197}"
EndProject
Project("{FAE04EC0-301F-11D3-BF4B-00C04F79EFBC}") = "Proxy", "Proxy\Proxy.csproj", "{F957A79F-4D87-46FA-99C2-91E5F2532EDD}"
EndProject
Project("{FAE04EC0-301F-11D3-BF4B-00C04F79EFBC}") = "MyStringBuilder", "MyStringBuilder\MyStringBuilder.csproj", "{760209C3-D099-46B4-9D8C-28AB5AE0A255}"
EndProject
Project("{FAE04EC0-301F-11D3-BF4B-00C04F79EFBC}") = "ChainOfResponsibility", "ChainOfResponsibility\ChainOfResponsibility.csproj", "{AD09C238-ED5A-4597-8BB4-7DFB8B083406}"
EndProject
Project("{FAE04EC0-301F-11D3-BF4B-00C04F79EFBC}") = "ErrorHandler (ChainOfResponsibility)", "ErrorHandler\ErrorHandler (ChainOfResponsibility).csproj", "{BC54ECC4-4512-49FE-A352-5C028BEEDBFC}"
EndProject
Project("{9A19103F-16F7-4668-BE54-9A1E7A4F7556}") = "Iterator", "Iterator\Iterator.csproj", "{CC6D9B37-3489-41A0-9128-4AD429084816}"
EndProject
Project("{9A19103F-16F7-4668-BE54-9A1E7A4F7556}") = "Interpreter", "Exercise\Interpreter.csproj", "{C2ECDA64-B4CB-46E1-B350-2AD8E049060A}"
EndProject
Project("{9A19103F-16F7-4668-BE54-9A1E7A4F7556}") = "Command", "Patterns\Command.csproj", "{8297D981-E7E5-4F75-A0BC-E5F5056151DE}"
EndProject
Project("{FAE04EC0-301F-11D3-BF4B-00C04F79EFBC}") = "Memento", "Memento\Memento.csproj", "{C7F8AB19-1B3C-4CFD-B74C-DCB9A0F6EE83}"
EndProject
Global
	GlobalSection(SolutionConfigurationPlatforms) = preSolution
		Debug|Any CPU = Debug|Any CPU
		Release|Any CPU = Release|Any CPU
	EndGlobalSection
	GlobalSection(ProjectConfigurationPlatforms) = postSolution
		{0B9AA356-6704-48DC-A7D2-5CE5329E42A4}.Debug|Any CPU.ActiveCfg = Debug|Any CPU
		{0B9AA356-6704-48DC-A7D2-5CE5329E42A4}.Debug|Any CPU.Build.0 = Debug|Any CPU
		{0B9AA356-6704-48DC-A7D2-5CE5329E42A4}.Release|Any CPU.ActiveCfg = Release|Any CPU
		{0B9AA356-6704-48DC-A7D2-5CE5329E42A4}.Release|Any CPU.Build.0 = Release|Any CPU
		{40493823-8A92-4D7A-BB43-66F607B51682}.Debug|Any CPU.ActiveCfg = Debug|Any CPU
		{40493823-8A92-4D7A-BB43-66F607B51682}.Debug|Any CPU.Build.0 = Debug|Any CPU
		{40493823-8A92-4D7A-BB43-66F607B51682}.Release|Any CPU.ActiveCfg = Release|Any CPU
		{40493823-8A92-4D7A-BB43-66F607B51682}.Release|Any CPU.Build.0 = Release|Any CPU
		{7BB8F4FC-0F89-481E-8CBD-61417ADBE732}.Debug|Any CPU.ActiveCfg = Debug|Any CPU
		{7BB8F4FC-0F89-481E-8CBD-61417ADBE732}.Debug|Any CPU.Build.0 = Debug|Any CPU
		{7BB8F4FC-0F89-481E-8CBD-61417ADBE732}.Release|Any CPU.ActiveCfg = Release|Any CPU
		{7BB8F4FC-0F89-481E-8CBD-61417ADBE732}.Release|Any CPU.Build.0 = Release|Any CPU
		{F0950CC3-A1E2-4519-AD57-2CEC29B71EAE}.Debug|Any CPU.ActiveCfg = Debug|Any CPU
		{F0950CC3-A1E2-4519-AD57-2CEC29B71EAE}.Debug|Any CPU.Build.0 = Debug|Any CPU
		{F0950CC3-A1E2-4519-AD57-2CEC29B71EAE}.Release|Any CPU.ActiveCfg = Release|Any CPU
		{F0950CC3-A1E2-4519-AD57-2CEC29B71EAE}.Release|Any CPU.Build.0 = Release|Any CPU
		{D25D57B3-3019-4981-97C3-0386EC120CF5}.Debug|Any CPU.ActiveCfg = Debug|Any CPU
		{D25D57B3-3019-4981-97C3-0386EC120CF5}.Debug|Any CPU.Build.0 = Debug|Any CPU
		{D25D57B3-3019-4981-97C3-0386EC120CF5}.Release|Any CPU.ActiveCfg = Release|Any CPU
		{D25D57B3-3019-4981-97C3-0386EC120CF5}.Release|Any CPU.Build.0 = Release|Any CPU
		{DEFA2E5C-88E9-4A4E-97B6-959434F79CD3}.Debug|Any CPU.ActiveCfg = Debug|Any CPU
		{DEFA2E5C-88E9-4A4E-97B6-959434F79CD3}.Debug|Any CPU.Build.0 = Debug|Any CPU
		{DEFA2E5C-88E9-4A4E-97B6-959434F79CD3}.Release|Any CPU.ActiveCfg = Release|Any CPU
		{DEFA2E5C-88E9-4A4E-97B6-959434F79CD3}.Release|Any CPU.Build.0 = Release|Any CPU
		{DB8E5BE5-22A1-4600-B596-CF6F439CE5EB}.Debug|Any CPU.ActiveCfg = Debug|Any CPU
		{DB8E5BE5-22A1-4600-B596-CF6F439CE5EB}.Debug|Any CPU.Build.0 = Debug|Any CPU
		{DB8E5BE5-22A1-4600-B596-CF6F439CE5EB}.Release|Any CPU.ActiveCfg = Release|Any CPU
		{DB8E5BE5-22A1-4600-B596-CF6F439CE5EB}.Release|Any CPU.Build.0 = Release|Any CPU
		{FEA90FE9-C586-433F-AA30-BA2FFDDC1420}.Debug|Any CPU.ActiveCfg = Debug|Any CPU
		{FEA90FE9-C586-433F-AA30-BA2FFDDC1420}.Debug|Any CPU.Build.0 = Debug|Any CPU
		{FEA90FE9-C586-433F-AA30-BA2FFDDC1420}.Release|Any CPU.ActiveCfg = Release|Any CPU
		{FEA90FE9-C586-433F-AA30-BA2FFDDC1420}.Release|Any CPU.Build.0 = Release|Any CPU
		{EE63C356-1308-442F-BEEC-155FF2F7E197}.Debug|Any CPU.ActiveCfg = Debug|Any CPU
		{EE63C356-1308-442F-BEEC-155FF2F7E197}.Debug|Any CPU.Build.0 = Debug|Any CPU
		{EE63C356-1308-442F-BEEC-155FF2F7E197}.Release|Any CPU.ActiveCfg = Release|Any CPU
		{EE63C356-1308-442F-BEEC-155FF2F7E197}.Release|Any CPU.Build.0 = Release|Any CPU
		{F957A79F-4D87-46FA-99C2-91E5F2532EDD}.Debug|Any CPU.ActiveCfg = Debug|Any CPU
		{F957A79F-4D87-46FA-99C2-91E5F2532EDD}.Debug|Any CPU.Build.0 = Debug|Any CPU
		{F957A79F-4D87-46FA-99C2-91E5F2532EDD}.Release|Any CPU.ActiveCfg = Release|Any CPU
		{F957A79F-4D87-46FA-99C2-91E5F2532EDD}.Release|Any CPU.Build.0 = Release|Any CPU
		{760209C3-D099-46B4-9D8C-28AB5AE0A255}.Debug|Any CPU.ActiveCfg = Debug|Any CPU
		{760209C3-D099-46B4-9D8C-28AB5AE0A255}.Debug|Any CPU.Build.0 = Debug|Any CPU
		{760209C3-D099-46B4-9D8C-28AB5AE0A255}.Release|Any CPU.ActiveCfg = Release|Any CPU
		{760209C3-D099-46B4-9D8C-28AB5AE0A255}.Release|Any CPU.Build.0 = Release|Any CPU
		{AD09C238-ED5A-4597-8BB4-7DFB8B083406}.Debug|Any CPU.ActiveCfg = Debug|Any CPU
		{AD09C238-ED5A-4597-8BB4-7DFB8B083406}.Debug|Any CPU.Build.0 = Debug|Any CPU
		{AD09C238-ED5A-4597-8BB4-7DFB8B083406}.Release|Any CPU.ActiveCfg = Release|Any CPU
		{AD09C238-ED5A-4597-8BB4-7DFB8B083406}.Release|Any CPU.Build.0 = Release|Any CPU
		{BC54ECC4-4512-49FE-A352-5C028BEEDBFC}.Debug|Any CPU.ActiveCfg = Debug|Any CPU
		{BC54ECC4-4512-49FE-A352-5C028BEEDBFC}.Debug|Any CPU.Build.0 = Debug|Any CPU
		{BC54ECC4-4512-49FE-A352-5C028BEEDBFC}.Release|Any CPU.ActiveCfg = Release|Any CPU
		{BC54ECC4-4512-49FE-A352-5C028BEEDBFC}.Release|Any CPU.Build.0 = Release|Any CPU
		{CC6D9B37-3489-41A0-9128-4AD429084816}.Debug|Any CPU.ActiveCfg = Debug|Any CPU
		{CC6D9B37-3489-41A0-9128-4AD429084816}.Debug|Any CPU.Build.0 = Debug|Any CPU
		{CC6D9B37-3489-41A0-9128-4AD429084816}.Release|Any CPU.ActiveCfg = Release|Any CPU
		{CC6D9B37-3489-41A0-9128-4AD429084816}.Release|Any CPU.Build.0 = Release|Any CPU
		{C2ECDA64-B4CB-46E1-B350-2AD8E049060A}.Debug|Any CPU.ActiveCfg = Debug|Any CPU
		{C2ECDA64-B4CB-46E1-B350-2AD8E049060A}.Debug|Any CPU.Build.0 = Debug|Any CPU
		{C2ECDA64-B4CB-46E1-B350-2AD8E049060A}.Release|Any CPU.ActiveCfg = Release|Any CPU
		{C2ECDA64-B4CB-46E1-B350-2AD8E049060A}.Release|Any CPU.Build.0 = Release|Any CPU
		{8297D981-E7E5-4F75-A0BC-E5F5056151DE}.Debug|Any CPU.ActiveCfg = Debug|Any CPU
		{8297D981-E7E5-4F75-A0BC-E5F5056151DE}.Debug|Any CPU.Build.0 = Debug|Any CPU
		{8297D981-E7E5-4F75-A0BC-E5F5056151DE}.Release|Any CPU.ActiveCfg = Release|Any CPU
		{8297D981-E7E5-4F75-A0BC-E5F5056151DE}.Release|Any CPU.Build.0 = Release|Any CPU
		{C7F8AB19-1B3C-4CFD-B74C-DCB9A0F6EE83}.Debug|Any CPU.ActiveCfg = Debug|Any CPU
		{C7F8AB19-1B3C-4CFD-B74C-DCB9A0F6EE83}.Debug|Any CPU.Build.0 = Debug|Any CPU
		{C7F8AB19-1B3C-4CFD-B74C-DCB9A0F6EE83}.Release|Any CPU.ActiveCfg = Release|Any CPU
		{C7F8AB19-1B3C-4CFD-B74C-DCB9A0F6EE83}.Release|Any CPU.Build.0 = Release|Any CPU
	EndGlobalSection
	GlobalSection(SolutionProperties) = preSolution
		HideSolutionNode = FALSE
	EndGlobalSection
	GlobalSection(ExtensibilityGlobals) = postSolution
		SolutionGuid = {6C535139-5344-4F18-A5C3-3A31985476AD}
	EndGlobalSection
EndGlobal
